
Microsoft Visual Studio Solution File, Format Version 12.00
# Visual Studio 15
VisualStudioVersion = 15.0.26430.16
MinimumVisualStudioVersion = 10.0.40219.1
Project("{FAE04EC0-301F-11D3-BF4B-00C04F79EFBC}") = "KanbanGameConsole", "Console\KanbanGameConsole.csproj", "{AAD47E54-8F08-4489-9DDB-A83BBD5FE585}"
EndProject
Global
	GlobalSection(SolutionConfigurationPlatforms) = preSolution
		Debug|Any CPU = Debug|Any CPU
		Release|Any CPU = Release|Any CPU
	EndGlobalSection
	GlobalSection(ProjectConfigurationPlatforms) = postSolution
		{AAD47E54-8F08-4489-9DDB-A83BBD5FE585}.Debug|Any CPU.ActiveCfg = Debug|Any CPU
		{AAD47E54-8F08-4489-9DDB-A83BBD5FE585}.Debug|Any CPU.Build.0 = Debug|Any CPU
		{AAD47E54-8F08-4489-9DDB-A83BBD5FE585}.Release|Any CPU.ActiveCfg = Release|Any CPU
		{AAD47E54-8F08-4489-9DDB-A83BBD5FE585}.Release|Any CPU.Build.0 = Release|Any CPU
	EndGlobalSection
	GlobalSection(SolutionProperties) = preSolution
		HideSolutionNode = FALSE
	EndGlobalSection
	GlobalSection(ExtensibilityGlobals) = postSolution
		SolutionGuid = {49E6F6C0-FE94-4B5C-B139-73CE8DAE4BF9}
	EndGlobalSection
EndGlobal
